
Microsoft Visual Studio Solution File, Format Version 12.00
# Visual Studio 2012
Project("{FAE04EC0-301F-11D3-BF4B-00C04F79EFBC}") = "MLLP-Listener", "MLLP-Listener\MLLP-Listener.csproj", "{DB395309-7886-4526-82B7-4BA17A32E616}"
EndProject
Project("{FAE04EC0-301F-11D3-BF4B-00C04F79EFBC}") = "MLLP-Sender", "MLLP-Sender\MLLP-Sender.csproj", "{12E36ED7-B7F0-4E1D-84A7-954CD361CC27}"
EndProject
Project("{FAE04EC0-301F-11D3-BF4B-00C04F79EFBC}") = "MLLP", "MLLP\MLLP.csproj", "{48029242-1DB5-493C-A2FC-2AF164E05B71}"
EndProject
Global
	GlobalSection(SolutionConfigurationPlatforms) = preSolution
		Debug|Any CPU = Debug|Any CPU
		Release|Any CPU = Release|Any CPU
	EndGlobalSection
	GlobalSection(ProjectConfigurationPlatforms) = postSolution
		{DB395309-7886-4526-82B7-4BA17A32E616}.Debug|Any CPU.ActiveCfg = Debug|Any CPU
		{DB395309-7886-4526-82B7-4BA17A32E616}.Debug|Any CPU.Build.0 = Debug|Any CPU
		{DB395309-7886-4526-82B7-4BA17A32E616}.Release|Any CPU.ActiveCfg = Release|Any CPU
		{DB395309-7886-4526-82B7-4BA17A32E616}.Release|Any CPU.Build.0 = Release|Any CPU
		{12E36ED7-B7F0-4E1D-84A7-954CD361CC27}.Debug|Any CPU.ActiveCfg = Debug|Any CPU
		{12E36ED7-B7F0-4E1D-84A7-954CD361CC27}.Debug|Any CPU.Build.0 = Debug|Any CPU
		{12E36ED7-B7F0-4E1D-84A7-954CD361CC27}.Release|Any CPU.ActiveCfg = Release|Any CPU
		{12E36ED7-B7F0-4E1D-84A7-954CD361CC27}.Release|Any CPU.Build.0 = Release|Any CPU
		{48029242-1DB5-493C-A2FC-2AF164E05B71}.Debug|Any CPU.ActiveCfg = Debug|Any CPU
		{48029242-1DB5-493C-A2FC-2AF164E05B71}.Debug|Any CPU.Build.0 = Debug|Any CPU
		{48029242-1DB5-493C-A2FC-2AF164E05B71}.Release|Any CPU.ActiveCfg = Release|Any CPU
		{48029242-1DB5-493C-A2FC-2AF164E05B71}.Release|Any CPU.Build.0 = Release|Any CPU
	EndGlobalSection
	GlobalSection(SolutionProperties) = preSolution
		HideSolutionNode = FALSE
	EndGlobalSection
EndGlobal
